// !$*UTF8*$!
{
	archiveVersion = 1;
	classes = {
	};
	objectVersion = 56;
	objects = {

/* Begin PBXBuildFile section */
		6ABEBCAB2AEC636E002FAEA4 /* FastLonaApp.swift in Sources */ = {isa = PBXBuildFile; fileRef = 6ABEBCAA2AEC636E002FAEA4 /* FastLonaApp.swift */; };
		6ABEBCAD2AEC636E002FAEA4 /* ContentView.swift in Sources */ = {isa = PBXBuildFile; fileRef = 6ABEBCAC2AEC636E002FAEA4 /* ContentView.swift */; };
		6ABEBCAF2AEC6373002FAEA4 /* Assets.xcassets in Resources */ = {isa = PBXBuildFile; fileRef = 6ABEBCAE2AEC6373002FAEA4 /* Assets.xcassets */; };
		6ABEBCB22AEC6373002FAEA4 /* Preview Assets.xcassets in Resources */ = {isa = PBXBuildFile; fileRef = 6ABEBCB12AEC6373002FAEA4 /* Preview Assets.xcassets */; };
		6ABEBCBD2AECFACC002FAEA4 /* SignIn.swift in Sources */ = {isa = PBXBuildFile; fileRef = 6ABEBCBC2AECFACC002FAEA4 /* SignIn.swift */; };
		6ABEBCC12AED4683002FAEA4 /* SignInPage.swift in Sources */ = {isa = PBXBuildFile; fileRef = 6ABEBCC02AED4683002FAEA4 /* SignInPage.swift */; };
		6ABEBCC32AEE15A7002FAEA4 /* HomePage.swift in Sources */ = {isa = PBXBuildFile; fileRef = 6ABEBCC22AEE15A7002FAEA4 /* HomePage.swift */; };
		6ABEBCC52AEE15EB002FAEA4 /* NewLone.swift in Sources */ = {isa = PBXBuildFile; fileRef = 6ABEBCC42AEE15EB002FAEA4 /* NewLone.swift */; };
/* End PBXBuildFile section */

/* Begin PBXFileReference section */
		6ABEBCA72AEC636E002FAEA4 /* FastLona.app */ = {isa = PBXFileReference; explicitFileType = wrapper.application; includeInIndex = 0; path = FastLona.app; sourceTree = BUILT_PRODUCTS_DIR; };
		6ABEBCAA2AEC636E002FAEA4 /* FastLonaApp.swift */ = {isa = PBXFileReference; lastKnownFileType = sourcecode.swift; path = FastLonaApp.swift; sourceTree = "<group>"; };
		6ABEBCAC2AEC636E002FAEA4 /* ContentView.swift */ = {isa = PBXFileReference; lastKnownFileType = sourcecode.swift; path = ContentView.swift; sourceTree = "<group>"; };
		6ABEBCAE2AEC6373002FAEA4 /* Assets.xcassets */ = {isa = PBXFileReference; lastKnownFileType = folder.assetcatalog; path = Assets.xcassets; sourceTree = "<group>"; };
		6ABEBCB12AEC6373002FAEA4 /* Preview Assets.xcassets */ = {isa = PBXFileReference; lastKnownFileType = folder.assetcatalog; path = "Preview Assets.xcassets"; sourceTree = "<group>"; };
		6ABEBCBC2AECFACC002FAEA4 /* SignIn.swift */ = {isa = PBXFileReference; lastKnownFileType = sourcecode.swift; path = SignIn.swift; sourceTree = "<group>"; };
		6ABEBCC02AED4683002FAEA4 /* SignInPage.swift */ = {isa = PBXFileReference; lastKnownFileType = sourcecode.swift; path = SignInPage.swift; sourceTree = "<group>"; };
		6ABEBCC22AEE15A7002FAEA4 /* HomePage.swift */ = {isa = PBXFileReference; lastKnownFileType = sourcecode.swift; path = HomePage.swift; sourceTree = "<group>"; };
		6ABEBCC42AEE15EB002FAEA4 /* NewLone.swift */ = {isa = PBXFileReference; lastKnownFileType = sourcecode.swift; path = NewLone.swift; sourceTree = "<group>"; };
/* End PBXFileReference section */

/* Begin PBXFrameworksBuildPhase section */
		6ABEBCA42AEC636E002FAEA4 /* Frameworks */ = {
			isa = PBXFrameworksBuildPhase;
			buildActionMask = 2147483647;
			files = (
			);
			runOnlyForDeploymentPostprocessing = 0;
		};
/* End PBXFrameworksBuildPhase section */

/* Begin PBXGroup section */
		6ABEBC9E2AEC636E002FAEA4 = {
			isa = PBXGroup;
			children = (
				6ABEBCA92AEC636E002FAEA4 /* FastLona */,
				6ABEBCA82AEC636E002FAEA4 /* Products */,
			);
			sourceTree = "<group>";
		};
		6ABEBCA82AEC636E002FAEA4 /* Products */ = {
			isa = PBXGroup;
			children = (
				6ABEBCA72AEC636E002FAEA4 /* FastLona.app */,
			);
			name = Products;
			sourceTree = "<group>";
		};
		6ABEBCA92AEC636E002FAEA4 /* FastLona */ = {
			isa = PBXGroup;
			children = (
				6ABEBCAA2AEC636E002FAEA4 /* FastLonaApp.swift */,
				6ABEBCAC2AEC636E002FAEA4 /* ContentView.swift */,
				6ABEBCAE2AEC6373002FAEA4 /* Assets.xcassets */,
				6ABEBCB02AEC6373002FAEA4 /* Preview Content */,
				6ABEBCBC2AECFACC002FAEA4 /* SignIn.swift */,
				6ABEBCC02AED4683002FAEA4 /* SignInPage.swift */,
				6ABEBCC22AEE15A7002FAEA4 /* HomePage.swift */,
				6ABEBCC42AEE15EB002FAEA4 /* NewLone.swift */,
			);
			path = FastLona;
			sourceTree = "<group>";
		};
		6ABEBCB02AEC6373002FAEA4 /* Preview Content */ = {
			isa = PBXGroup;
			children = (
				6ABEBCB12AEC6373002FAEA4 /* Preview Assets.xcassets */,
			);
			path = "Preview Content";
			sourceTree = "<group>";
		};
/* End PBXGroup section */

/* Begin PBXNativeTarget section */
		6ABEBCA62AEC636E002FAEA4 /* FastLona */ = {
			isa = PBXNativeTarget;
			buildConfigurationList = 6ABEBCB52AEC6373002FAEA4 /* Build configuration list for PBXNativeTarget "FastLona" */;
			buildPhases = (
				6ABEBCA32AEC636E002FAEA4 /* Sources */,
				6ABEBCA42AEC636E002FAEA4 /* Frameworks */,
				6ABEBCA52AEC636E002FAEA4 /* Resources */,
			);
			buildRules = (
			);
			dependencies = (
			);
			name = FastLona;
			productName = FastLona;
			productReference = 6ABEBCA72AEC636E002FAEA4 /* FastLona.app */;
			productType = "com.apple.product-type.application";
		};
/* End PBXNativeTarget section */

/* Begin PBXProject section */
		6ABEBC9F2AEC636E002FAEA4 /* Project object */ = {
			isa = PBXProject;
			attributes = {
				BuildIndependentTargetsInParallel = 1;
				LastSwiftUpdateCheck = 1500;
				LastUpgradeCheck = 1500;
				TargetAttributes = {
					6ABEBCA62AEC636E002FAEA4 = {
						CreatedOnToolsVersion = 15.0.1;
					};
				};
			};
			buildConfigurationList = 6ABEBCA22AEC636E002FAEA4 /* Build configuration list for PBXProject "FastLona" */;
			compatibilityVersion = "Xcode 14.0";
			developmentRegion = en;
			hasScannedForEncodings = 0;
			knownRegions = (
				en,
				Base,
			);
			mainGroup = 6ABEBC9E2AEC636E002FAEA4;
			productRefGroup = 6ABEBCA82AEC636E002FAEA4 /* Products */;
			projectDirPath = "";
			projectRoot = "";
			targets = (
				6ABEBCA62AEC636E002FAEA4 /* FastLona */,
			);
		};
/* End PBXProject section */

/* Begin PBXResourcesBuildPhase section */
		6ABEBCA52AEC636E002FAEA4 /* Resources */ = {
			isa = PBXResourcesBuildPhase;
			buildActionMask = 2147483647;
			files = (
				6ABEBCB22AEC6373002FAEA4 /* Preview Assets.xcassets in Resources */,
				6ABEBCAF2AEC6373002FAEA4 /* Assets.xcassets in Resources */,
			);
			runOnlyForDeploymentPostprocessing = 0;
		};
/* End PBXResourcesBuildPhase section */

/* Begin PBXSourcesBuildPhase section */
		6ABEBCA32AEC636E002FAEA4 /* Sources */ = {
			isa = PBXSourcesBuildPhase;
			buildActionMask = 2147483647;
			files = (
				6ABEBCC32AEE15A7002FAEA4 /* HomePage.swift in Sources */,
				6ABEBCC12AED4683002FAEA4 /* SignInPage.swift in Sources */,
				6ABEBCC52AEE15EB002FAEA4 /* NewLone.swift in Sources */,
				6ABEBCAD2AEC636E002FAEA4 /* ContentView.swift in Sources */,
				6ABEBCBD2AECFACC002FAEA4 /* SignIn.swift in Sources */,
				6ABEBCAB2AEC636E002FAEA4 /* FastLonaApp.swift in Sources */,
			);
			runOnlyForDeploymentPostprocessing = 0;
		};
/* End PBXSourcesBuildPhase section */

/* Begin XCBuildConfiguration section */
		6ABEBCB32AEC6373002FAEA4 /* Debug */ = {
			isa = XCBuildConfiguration;
			buildSettings = {
				ALWAYS_SEARCH_USER_PATHS = NO;
				ASSETCATALOG_COMPILER_GENERATE_SWIFT_ASSET_SYMBOL_EXTENSIONS = YES;
				CLANG_ANALYZER_NONNULL = YES;
				CLANG_ANALYZER_NUMBER_OBJECT_CONVERSION = YES_AGGRESSIVE;
				CLANG_CXX_LANGUAGE_STANDARD = "gnu++20";
				CLANG_ENABLE_MODULES = YES;
				CLANG_ENABLE_OBJC_ARC = YES;
				CLANG_ENABLE_OBJC_WEAK = YES;
				CLANG_WARN_BLOCK_CAPTURE_AUTORELEASING = YES;
				CLANG_WARN_BOOL_CONVERSION = YES;
				CLANG_WARN_COMMA = YES;
				CLANG_WARN_CONSTANT_CONVERSION = YES;
				CLANG_WARN_DEPRECATED_OBJC_IMPLEMENTATIONS = YES;
				CLANG_WARN_DIRECT_OBJC_ISA_USAGE = YES_ERROR;
				CLANG_WARN_DOCUMENTATION_COMMENTS = YES;
				CLANG_WARN_EMPTY_BODY = YES;
				CLANG_WARN_ENUM_CONVERSION = YES;
				CLANG_WARN_INFINITE_RECURSION = YES;
				CLANG_WARN_INT_CONVERSION = YES;
				CLANG_WARN_NON_LITERAL_NULL_CONVERSION = YES;
				CLANG_WARN_OBJC_IMPLICIT_RETAIN_SELF = YES;
				CLANG_WARN_OBJC_LITERAL_CONVERSION = YES;
				CLANG_WARN_OBJC_ROOT_CLASS = YES_ERROR;
				CLANG_WARN_QUOTED_INCLUDE_IN_FRAMEWORK_HEADER = YES;
				CLANG_WARN_RANGE_LOOP_ANALYSIS = YES;
				CLANG_WARN_STRICT_PROTOTYPES = YES;
				CLANG_WARN_SUSPICIOUS_MOVE = YES;
				CLANG_WARN_UNGUARDED_AVAILABILITY = YES_AGGRESSIVE;
				CLANG_WARN_UNREACHABLE_CODE = YES;
				CLANG_WARN__DUPLICATE_METHOD_MATCH = YES;
				COPY_PHASE_STRIP = NO;
				DEBUG_INFORMATION_FORMAT = dwarf;
				ENABLE_STRICT_OBJC_MSGSEND = YES;
				ENABLE_TESTABILITY = YES;
				ENABLE_USER_SCRIPT_SANDBOXING = YES;
				GCC_C_LANGUAGE_STANDARD = gnu17;
				GCC_DYNAMIC_NO_PIC = NO;
				GCC_NO_COMMON_BLOCKS = YES;
				GCC_OPTIMIZATION_LEVEL = 0;
				GCC_PREPROCESSOR_DEFINITIONS = (
					"DEBUG=1",
					"$(inherited)",
				);
				GCC_WARN_64_TO_32_BIT_CONVERSION = YES;
				GCC_WARN_ABOUT_RETURN_TYPE = YES_ERROR;
				GCC_WARN_UNDECLARED_SELECTOR = YES;
				GCC_WARN_UNINITIALIZED_AUTOS = YES_AGGRESSIVE;
				GCC_WARN_UNUSED_FUNCTION = YES;
				GCC_WARN_UNUSED_VARIABLE = YES;
				IPHONEOS_DEPLOYMENT_TARGET = 17.0;
				LOCALIZATION_PREFERS_STRING_CATALOGS = YES;
				MTL_ENABLE_DEBUG_INFO = INCLUDE_SOURCE;
				MTL_FAST_MATH = YES;
				ONLY_ACTIVE_ARCH = YES;
				SDKROOT = iphoneos;
				SWIFT_ACTIVE_COMPILATION_CONDITIONS = "DEBUG $(inherited)";
				SWIFT_OPTIMIZATION_LEVEL = "-Onone";
			};
			name = Debug;
		};
		6ABEBCB42AEC6373002FAEA4 /* Release */ = {
			isa = XCBuildConfiguration;
			buildSettings = {
				ALWAYS_SEARCH_USER_PATHS = NO;
				ASSETCATALOG_COMPILER_GENERATE_SWIFT_ASSET_SYMBOL_EXTENSIONS = YES;
				CLANG_ANALYZER_NONNULL = YES;
				CLANG_ANALYZER_NUMBER_OBJECT_CONVERSION = YES_AGGRESSIVE;
				CLANG_CXX_LANGUAGE_STANDARD = "gnu++20";
				CLANG_ENABLE_MODULES = YES;
				CLANG_ENABLE_OBJC_ARC = YES;
				CLANG_ENABLE_OBJC_WEAK = YES;
				CLANG_WARN_BLOCK_CAPTURE_AUTORELEASING = YES;
				CLANG_WARN_BOOL_CONVERSION = YES;
				CLANG_WARN_COMMA = YES;
				CLANG_WARN_CONSTANT_CONVERSION = YES;
				CLANG_WARN_DEPRECATED_OBJC_IMPLEMENTATIONS = YES;
				CLANG_WARN_DIRECT_OBJC_ISA_USAGE = YES_ERROR;
				CLANG_WARN_DOCUMENTATION_COMMENTS = YES;
				CLANG_WARN_EMPTY_BODY = YES;
				CLANG_WARN_ENUM_CONVERSION = YES;
				CLANG_WARN_INFINITE_RECURSION = YES;
				CLANG_WARN_INT_CONVERSION = YES;
				CLANG_WARN_NON_LITERAL_NULL_CONVERSION = YES;
				CLANG_WARN_OBJC_IMPLICIT_RETAIN_SELF = YES;
				CLANG_WARN_OBJC_LITERAL_CONVERSION = YES;
				CLANG_WARN_OBJC_ROOT_CLASS = YES_ERROR;
				CLANG_WARN_QUOTED_INCLUDE_IN_FRAMEWORK_HEADER = YES;
				CLANG_WARN_RANGE_LOOP_ANALYSIS = YES;
				CLANG_WARN_STRICT_PROTOTYPES = YES;
				CLANG_WARN_SUSPICIOUS_MOVE = YES;
				CLANG_WARN_UNGUARDED_AVAILABILITY = YES_AGGRESSIVE;
				CLANG_WARN_UNREACHABLE_CODE = YES;
				CLANG_WARN__DUPLICATE_METHOD_MATCH = YES;
				COPY_PHASE_STRIP = NO;
				DEBUG_INFORMATION_FORMAT = "dwarf-with-dsym";
				ENABLE_NS_ASSERTIONS = NO;
				ENABLE_STRICT_OBJC_MSGSEND = YES;
				ENABLE_USER_SCRIPT_SANDBOXING = YES;
				GCC_C_LANGUAGE_STANDARD = gnu17;
				GCC_NO_COMMON_BLOCKS = YES;
				GCC_WARN_64_TO_32_BIT_CONVERSION = YES;
				GCC_WARN_ABOUT_RETURN_TYPE = YES_ERROR;
				GCC_WARN_UNDECLARED_SELECTOR = YES;
				GCC_WARN_UNINITIALIZED_AUTOS = YES_AGGRESSIVE;
				GCC_WARN_UNUSED_FUNCTION = YES;
				GCC_WARN_UNUSED_VARIABLE = YES;
				IPHONEOS_DEPLOYMENT_TARGET = 17.0;
				LOCALIZATION_PREFERS_STRING_CATALOGS = YES;
				MTL_ENABLE_DEBUG_INFO = NO;
				MTL_FAST_MATH = YES;
				SDKROOT = iphoneos;
				SWIFT_COMPILATION_MODE = wholemodule;
				VALIDATE_PRODUCT = YES;
			};
			name = Release;
		};
		6ABEBCB62AEC6373002FAEA4 /* Debug */ = {
			isa = XCBuildConfiguration;
			buildSettings = {
				ASSETCATALOG_COMPILER_APPICON_NAME = AppIcon;
				ASSETCATALOG_COMPILER_GLOBAL_ACCENT_COLOR_NAME = AccentColor;
				CODE_SIGN_STYLE = Automatic;
				CURRENT_PROJECT_VERSION = 1;
				DEVELOPMENT_ASSET_PATHS = "\"FastLona/Preview Content\"";
				ENABLE_PREVIEWS = YES;
				GENERATE_INFOPLIST_FILE = YES;
				INFOPLIST_KEY_UIApplicationSceneManifest_Generation = YES;
				INFOPLIST_KEY_UIApplicationSupportsIndirectInputEvents = YES;
				INFOPLIST_KEY_UILaunchScreen_Generation = YES;
				INFOPLIST_KEY_UISupportedInterfaceOrientations_iPad = "UIInterfaceOrientationPortrait UIInterfaceOrientationPortraitUpsideDown UIInterfaceOrientationLandscapeLeft UIInterfaceOrientationLandscapeRight";
				INFOPLIST_KEY_UISupportedInterfaceOrientations_iPhone = "UIInterfaceOrientationPortrait UIInterfaceOrientationLandscapeLeft UIInterfaceOrientationLandscapeRight";
				LD_RUNPATH_SEARCH_PATHS = (
					"$(inherited)",
					"@executable_path/Frameworks",
				);
				MARKETING_VERSION = 1.0;
				PRODUCT_BUNDLE_IDENTIFIER = com.example.FastLona;
				PRODUCT_NAME = "$(TARGET_NAME)";
				SWIFT_EMIT_LOC_STRINGS = YES;
				SWIFT_VERSION = 5.0;
				TARGETED_DEVICE_FAMILY = "1,2";
			};
			name = Debug;
		};
		6ABEBCB72AEC6373002FAEA4 /* Release */ = {
			isa = XCBuildConfiguration;
			buildSettings = {
				ASSETCATALOG_COMPILER_APPICON_NAME = AppIcon;
				ASSETCATALOG_COMPILER_GLOBAL_ACCENT_COLOR_NAME = AccentColor;
				CODE_SIGN_STYLE = Automatic;
				CURRENT_PROJECT_VERSION = 1;
				DEVELOPMENT_ASSET_PATHS = "\"FastLona/Preview Content\"";
				ENABLE_PREVIEWS = YES;
				GENERATE_INFOPLIST_FILE = YES;
				INFOPLIST_KEY_UIApplicationSceneManifest_Generation = YES;
				INFOPLIST_KEY_UIApplicationSupportsIndirectInputEvents = YES;
				INFOPLIST_KEY_UILaunchScreen_Generation = YES;
				INFOPLIST_KEY_UISupportedInterfaceOrientations_iPad = "UIInterfaceOrientationPortrait UIInterfaceOrientationPortraitUpsideDown UIInterfaceOrientationLandscapeLeft UIInterfaceOrientationLandscapeRight";
				INFOPLIST_KEY_UISupportedInterfaceOrientations_iPhone = "UIInterfaceOrientationPortrait UIInterfaceOrientationLandscapeLeft UIInterfaceOrientationLandscapeRight";
				LD_RUNPATH_SEARCH_PATHS = (
					"$(inherited)",
					"@executable_path/Frameworks",
				);
				MARKETING_VERSION = 1.0;
				PRODUCT_BUNDLE_IDENTIFIER = com.example.FastLona;
				PRODUCT_NAME = "$(TARGET_NAME)";
				SWIFT_EMIT_LOC_STRINGS = YES;
				SWIFT_VERSION = 5.0;
				TARGETED_DEVICE_FAMILY = "1,2";
			};
			name = Release;
		};
/* End XCBuildConfiguration section */

/* Begin XCConfigurationList section */
		6ABEBCA22AEC636E002FAEA4 /* Build configuration list for PBXProject "FastLona" */ = {
			isa = XCConfigurationList;
			buildConfigurations = (
				6ABEBCB32AEC6373002FAEA4 /* Debug */,
				6ABEBCB42AEC6373002FAEA4 /* Release */,
			);
			defaultConfigurationIsVisible = 0;
			defaultConfigurationName = Release;
		};
		6ABEBCB52AEC6373002FAEA4 /* Build configuration list for PBXNativeTarget "FastLona" */ = {
			isa = XCConfigurationList;
			buildConfigurations = (
				6ABEBCB62AEC6373002FAEA4 /* Debug */,
				6ABEBCB72AEC6373002FAEA4 /* Release */,
			);
			defaultConfigurationIsVisible = 0;
			defaultConfigurationName = Release;
		};
/* End XCConfigurationList section */
	};
	rootObject = 6ABEBC9F2AEC636E002FAEA4 /* Project object */;
}
